
Microsoft Visual Studio Solution File, Format Version 12.00
# Visual Studio Version 17
VisualStudioVersion = 17.12.35707.178
MinimumVisualStudioVersion = 10.0.40219.1
Project("{FAE04EC0-301F-11D3-BF4B-00C04F79EFBC}") = "RuRuComms", "RuRuComms.csproj", "{E7B2B828-3C4C-4262-9C72-E6F6F8BE2735}"
EndProject
Global
	GlobalSection(SolutionConfigurationPlatforms) = preSolution
		Debug|Any CPU = Debug|Any CPU
		Debug|ARM64 = Debug|ARM64
		Debug|x64 = Debug|x64
		Release|Any CPU = Release|Any CPU
		Release|ARM64 = Release|ARM64
		Release|x64 = Release|x64
	EndGlobalSection
	GlobalSection(ProjectConfigurationPlatforms) = postSolution
		{E7B2B828-3C4C-4262-9C72-E6F6F8BE2735}.Debug|Any CPU.ActiveCfg = Debug|Any CPU
		{E7B2B828-3C4C-4262-9C72-E6F6F8BE2735}.Debug|Any CPU.Build.0 = Debug|Any CPU
		{E7B2B828-3C4C-4262-9C72-E6F6F8BE2735}.Debug|ARM64.ActiveCfg = Debug|ARM64
		{E7B2B828-3C4C-4262-9C72-E6F6F8BE2735}.Debug|ARM64.Build.0 = Debug|ARM64
		{E7B2B828-3C4C-4262-9C72-E6F6F8BE2735}.Debug|x64.ActiveCfg = Debug|x64
		{E7B2B828-3C4C-4262-9C72-E6F6F8BE2735}.Debug|x64.Build.0 = Debug|x64
		{E7B2B828-3C4C-4262-9C72-E6F6F8BE2735}.Release|Any CPU.ActiveCfg = Release|Any CPU
		{E7B2B828-3C4C-4262-9C72-E6F6F8BE2735}.Release|Any CPU.Build.0 = Release|Any CPU
		{E7B2B828-3C4C-4262-9C72-E6F6F8BE2735}.Release|ARM64.ActiveCfg = Release|ARM64
		{E7B2B828-3C4C-4262-9C72-E6F6F8BE2735}.Release|ARM64.Build.0 = Release|ARM64
		{E7B2B828-3C4C-4262-9C72-E6F6F8BE2735}.Release|x64.ActiveCfg = Release|x64
		{E7B2B828-3C4C-4262-9C72-E6F6F8BE2735}.Release|x64.Build.0 = Release|x64
	EndGlobalSection
	GlobalSection(SolutionProperties) = preSolution
		HideSolutionNode = FALSE
	EndGlobalSection
	GlobalSection(ExtensibilityGlobals) = postSolution
		SolutionGuid = {E06563EA-41AC-4091-9A55-A33788DFE812}
	EndGlobalSection
EndGlobal
